{
  "nodes": {
    "fenix": {
      "inputs": {
        "nixpkgs": [
          "nixpkgs"
        ],
        "rust-analyzer-src": "rust-analyzer-src"
      },
      "locked": {
        "lastModified": 1789858060,
        "narHash": "sha256-sR8Rmw0lk7ZxeU8WUvWVos8T/vurOnTLSYe+AeHih0I=",
        "owner": "nix-community",
        "repo": "fenix",
        "rev": "3b72c8e9234382e1b5e8d4ec9cbf275ab1cb4c00",
        "type": "github"
      },
      "original": {
        "owner": "nix-community",
        "repo": "fenix",
        "type": "github"
      }
    },
    "nixpkgs": {
      "locked": {
        "lastModified": 1789632929,
        "narHash": "sha256-RjR8AyvGlWuw16XRj7C1YDEw4E27ciuyPeB2nDMzgTU=",
        "owner": "NixOS",
        "repo": "nixpkgs",
        "rev": "a32edd7654519351e48e80372a928df336394670",
        "type": "github"
      },
      "original": {
        "owner": "NixOS",
        "ref": "nixpkgs-unstable",
        "repo": "nixpkgs",
        "type": "github"
      }
    },
    "root": {
      "inputs": {
        "fenix": "fenix",
        "nixpkgs": "nixpkgs"
      }
    },
    "rust-analyzer-src": {
      "flake": false,
      "locked": {
        "lastModified": 1789608491,
        "narHash": "sha256-PsHnzj+0demksZnC8jP/5wvzJ4Ds7HBAeU4gTLRkdT8=",
        "owner": "rust-lang",
        "repo": "rust-analyzer",
        "rev": "f038160200ff20953ea6daa7aa9394a30a6de41a",
        "type": "github"
      },
      "original": {
        "owner": "rust-lang",
        "ref": "nightly",
        "repo": "rust-analyzer",
        "type": "github"
      }
    }
  },
  "root": "root",
  "version": 7
}
